// !$*UTF8*$!
{
	archiveVersion = 1;
	classes = {
	};
	objectVersion = 77;
	objects = {

/* Begin PBXBuildFile section */
		5555FDB62EA7184C00404DA5 /* Starscream in Frameworks */ = {isa = PBXBuildFile; productRef = 5555FDB52EA7184C00404DA5 /* Starscream */; };
/* End PBXBuildFile section */

/* Begin PBXContainerItemProxy section */
		5555FD982EA717D700404DA5 /* PBXContainerItemProxy */ = {
			isa = PBXContainerItemProxy;
			containerPortal = 5555FD7F2EA717D300404DA5 /* Project object */;
			proxyType = 1;
			remoteGlobalIDString = 5555FD862EA717D300404DA5;
			remoteInfo = SlowMotionCamera;
		};
		5555FDA22EA717D700404DA5 /* PBXContainerItemProxy */ = {
			isa = PBXContainerItemProxy;
			containerPortal = 5555FD7F2EA717D300404DA5 /* Project object */;
			proxyType = 1;
			remoteGlobalIDString = 5555FD862EA717D300404DA5;
			remoteInfo = SlowMotionCamera;
		};
/* End PBXContainerItemProxy section */

/* Begin PBXFileReference section */
		5555FD872EA717D300404DA5 /* SlowMotionCamera.app */ = {isa = PBXFileReference; explicitFileType = wrapper.application; includeInIndex = 0; path = SlowMotionCamera.app; sourceTree = BUILT_PRODUCTS_DIR; };
		5555FD972EA717D700404DA5 /* SlowMotionCameraTests.xctest */ = {isa = PBXFileReference; explicitFileType = wrapper.cfbundle; includeInIndex = 0; path = SlowMotionCameraTests.xctest; sourceTree = BUILT_PRODUCTS_DIR; };
		5555FDA12EA717D700404DA5 /* SlowMotionCameraUITests.xctest */ = {isa = PBXFileReference; explicitFileType = wrapper.cfbundle; includeInIndex = 0; path = SlowMotionCameraUITests.xctest; sourceTree = BUILT_PRODUCTS_DIR; };
/* End PBXFileReference section */

/* Begin PBXFileSystemSynchronizedBuildFileExceptionSet section */
		5555FDE82EA71AA200404DA5 /* Exceptions for "SlowMotionCamera" folder in "SlowMotionCamera" target */ = {
			isa = PBXFileSystemSynchronizedBuildFileExceptionSet;
			membershipExceptions = (
				Info.plist,
			);
			target = 5555FD862EA717D300404DA5 /* SlowMotionCamera */;
		};
/* End PBXFileSystemSynchronizedBuildFileExceptionSet section */

/* Begin PBXFileSystemSynchronizedRootGroup section */
		5555FD892EA717D300404DA5 /* SlowMotionCamera */ = {
			isa = PBXFileSystemSynchronizedRootGroup;
			exceptions = (
				5555FDE82EA71AA200404DA5 /* Exceptions for "SlowMotionCamera" folder in "SlowMotionCamera" target */,
			);
			path = SlowMotionCamera;
			sourceTree = "<group>";
		};
		5555FD9A2EA717D700404DA5 /* SlowMotionCameraTests */ = {
			isa = PBXFileSystemSynchronizedRootGroup;
			path = SlowMotionCameraTests;
			sourceTree = "<group>";
		};
		5555FDA42EA717D700404DA5 /* SlowMotionCameraUITests */ = {
			isa = PBXFileSystemSynchronizedRootGroup;
			path = SlowMotionCameraUITests;
			sourceTree = "<group>";
		};
/* End PBXFileSystemSynchronizedRootGroup section */

/* Begin PBXFrameworksBuildPhase section */
		5555FD842EA717D300404DA5 /* Frameworks */ = {
			isa = PBXFrameworksBuildPhase;
			buildActionMask = 2147483647;
			files = (
				5555FDB62EA7184C00404DA5 /* Starscream in Frameworks */,
			);
			runOnlyForDeploymentPostprocessing = 0;
		};
		5555FD942EA717D700404DA5 /* Frameworks */ = {
			isa = PBXFrameworksBuildPhase;
			buildActionMask = 2147483647;
			files = (
			);
			runOnlyForDeploymentPostprocessing = 0;
		};
		5555FD9E2EA717D700404DA5 /* Frameworks */ = {
			isa = PBXFrameworksBuildPhase;
			buildActionMask = 2147483647;
			files = (
			);
			runOnlyForDeploymentPostprocessing = 0;
		};
/* End PBXFrameworksBuildPhase section */

/* Begin PBXGroup section */
		5555FD7E2EA717D300404DA5 = {
			isa = PBXGroup;
			children = (
				5555FD892EA717D300404DA5 /* SlowMotionCamera */,
				5555FD9A2EA717D700404DA5 /* SlowMotionCameraTests */,
				5555FDA42EA717D700404DA5 /* SlowMotionCameraUITests */,
				5555FD882EA717D300404DA5 /* Products */,
			);
			sourceTree = "<group>";
		};
		5555FD882EA717D300404DA5 /* Products */ = {
			isa = PBXGroup;
			children = (
				5555FD872EA717D300404DA5 /* SlowMotionCamera.app */,
				5555FD972EA717D700404DA5 /* SlowMotionCameraTests.xctest */,
				5555FDA12EA717D700404DA5 /* SlowMotionCameraUITests.xctest */,
			);
			name = Products;
			sourceTree = "<group>";
		};
/* End PBXGroup section */

/* Begin PBXNativeTarget section */
		5555FD862EA717D300404DA5 /* SlowMotionCamera */ = {
			isa = PBXNativeTarget;
			buildConfigurationList = 5555FDAB2EA717D700404DA5 /* Build configuration list for PBXNativeTarget "SlowMotionCamera" */;
			buildPhases = (
				5555FD832EA717D300404DA5 /* Sources */,
				5555FD842EA717D300404DA5 /* Frameworks */,
				5555FD852EA717D300404DA5 /* Resources */,
			);
			buildRules = (
			);
			dependencies = (
			);
			fileSystemSynchronizedGroups = (
				5555FD892EA717D300404DA5 /* SlowMotionCamera */,
			);
			name = SlowMotionCamera;
			packageProductDependencies = (
				5555FDB52EA7184C00404DA5 /* Starscream */,
			);
			productName = SlowMotionCamera;
			productReference = 5555FD872EA717D300404DA5 /* SlowMotionCamera.app */;
			productType = "com.apple.product-type.application";
		};
		5555FD962EA717D700404DA5 /* SlowMotionCameraTests */ = {
			isa = PBXNativeTarget;
			buildConfigurationList = 5555FDAE2EA717D700404DA5 /* Build configuration list for PBXNativeTarget "SlowMotionCameraTests" */;
			buildPhases = (
				5555FD932EA717D700404DA5 /* Sources */,
				5555FD942EA717D700404DA5 /* Frameworks */,
				5555FD952EA717D700404DA5 /* Resources */,
			);
			buildRules = (
			);
			dependencies = (
				5555FD992EA717D700404DA5 /* PBXTargetDependency */,
			);
			fileSystemSynchronizedGroups = (
				5555FD9A2EA717D700404DA5 /* SlowMotionCameraTests */,
			);
			name = SlowMotionCameraTests;
			packageProductDependencies = (
			);
			productName = SlowMotionCameraTests;
			productReference = 5555FD972EA717D700404DA5 /* SlowMotionCameraTests.xctest */;
			productType = "com.apple.product-type.bundle.unit-test";
		};
		5555FDA02EA717D700404DA5 /* SlowMotionCameraUITests */ = {
			isa = PBXNativeTarget;
			buildConfigurationList = 5555FDB12EA717D700404DA5 /* Build configuration list for PBXNativeTarget "SlowMotionCameraUITests" */;
			buildPhases = (
				5555FD9D2EA717D700404DA5 /* Sources */,
				5555FD9E2EA717D700404DA5 /* Frameworks */,
				5555FD9F2EA717D700404DA5 /* Resources */,
			);
			buildRules = (
			);
			dependencies = (
				5555FDA32EA717D700404DA5 /* PBXTargetDependency */,
			);
			fileSystemSynchronizedGroups = (
				5555FDA42EA717D700404DA5 /* SlowMotionCameraUITests */,
			);
			name = SlowMotionCameraUITests;
			packageProductDependencies = (
			);
			productName = SlowMotionCameraUITests;
			productReference = 5555FDA12EA717D700404DA5 /* SlowMotionCameraUITests.xctest */;
			productType = "com.apple.product-type.bundle.ui-testing";
		};
/* End PBXNativeTarget section */

/* Begin PBXProject section */
		5555FD7F2EA717D300404DA5 /* Project object */ = {
			isa = PBXProject;
			attributes = {
				BuildIndependentTargetsInParallel = 1;
				LastSwiftUpdateCheck = 1620;
				LastUpgradeCheck = 1620;
				TargetAttributes = {
					5555FD862EA717D300404DA5 = {
						CreatedOnToolsVersion = 16.2;
					};
					5555FD962EA717D700404DA5 = {
						CreatedOnToolsVersion = 16.2;
						TestTargetID = 5555FD862EA717D300404DA5;
					};
					5555FDA02EA717D700404DA5 = {
						CreatedOnToolsVersion = 16.2;
						TestTargetID = 5555FD862EA717D300404DA5;
					};
				};
			};
			buildConfigurationList = 5555FD822EA717D300404DA5 /* Build configuration list for PBXProject "SlowMotionCamera" */;
			developmentRegion = en;
			hasScannedForEncodings = 0;
			knownRegions = (
				en,
				Base,
			);
			mainGroup = 5555FD7E2EA717D300404DA5;
			minimizedProjectReferenceProxies = 1;
			packageReferences = (
				5555FDB42EA7184C00404DA5 /* XCRemoteSwiftPackageReference "Starscream" */,
			);
			preferredProjectObjectVersion = 77;
			productRefGroup = 5555FD882EA717D300404DA5 /* Products */;
			projectDirPath = "";
			projectRoot = "";
			targets = (
				5555FD862EA717D300404DA5 /* SlowMotionCamera */,
				5555FD962EA717D700404DA5 /* SlowMotionCameraTests */,
				5555FDA02EA717D700404DA5 /* SlowMotionCameraUITests */,
			);
		};
/* End PBXProject section */

/* Begin PBXResourcesBuildPhase section */
		5555FD852EA717D300404DA5 /* Resources */ = {
			isa = PBXResourcesBuildPhase;
			buildActionMask = 2147483647;
			files = (
			);
			runOnlyForDeploymentPostprocessing = 0;
		};
		5555FD952EA717D700404DA5 /* Resources */ = {
			isa = PBXResourcesBuildPhase;
			buildActionMask = 2147483647;
			files = (
			);
			runOnlyForDeploymentPostprocessing = 0;
		};
		5555FD9F2EA717D700404DA5 /* Resources */ = {
			isa = PBXResourcesBuildPhase;
			buildActionMask = 2147483647;
			files = (
			);
			runOnlyForDeploymentPostprocessing = 0;
		};
/* End PBXResourcesBuildPhase section */

/* Begin PBXSourcesBuildPhase section */
		5555FD832EA717D300404DA5 /* Sources */ = {
			isa = PBXSourcesBuildPhase;
			buildActionMask = 2147483647;
			files = (
			);
			runOnlyForDeploymentPostprocessing = 0;
		};
		5555FD932EA717D700404DA5 /* Sources */ = {
			isa = PBXSourcesBuildPhase;
			buildActionMask = 2147483647;
			files = (
			);
			runOnlyForDeploymentPostprocessing = 0;
		};
		5555FD9D2EA717D700404DA5 /* Sources */ = {
			isa = PBXSourcesBuildPhase;
			buildActionMask = 2147483647;
			files = (
			);
			runOnlyForDeploymentPostprocessing = 0;
		};
/* End PBXSourcesBuildPhase section */

/* Begin PBXTargetDependency section */
		5555FD992EA717D700404DA5 /* PBXTargetDependency */ = {
			isa = PBXTargetDependency;
			target = 5555FD862EA717D300404DA5 /* SlowMotionCamera */;
			targetProxy = 5555FD982EA717D700404DA5 /* PBXContainerItemProxy */;
		};
		5555FDA32EA717D700404DA5 /* PBXTargetDependency */ = {
			isa = PBXTargetDependency;
			target = 5555FD862EA717D300404DA5 /* SlowMotionCamera */;
			targetProxy = 5555FDA22EA717D700404DA5 /* PBXContainerItemProxy */;
		};
/* End PBXTargetDependency section */

/* Begin XCBuildConfiguration section */
		5555FDA92EA717D700404DA5 /* Debug */ = {
			isa = XCBuildConfiguration;
			buildSettings = {
				ALWAYS_SEARCH_USER_PATHS = NO;
				ASSETCATALOG_COMPILER_GENERATE_SWIFT_ASSET_SYMBOL_EXTENSIONS = YES;
				CLANG_ANALYZER_NONNULL = YES;
				CLANG_ANALYZER_NUMBER_OBJECT_CONVERSION = YES_AGGRESSIVE;
				CLANG_CXX_LANGUAGE_STANDARD = "gnu++20";
				CLANG_ENABLE_MODULES = YES;
				CLANG_ENABLE_OBJC_ARC = YES;
				CLANG_ENABLE_OBJC_WEAK = YES;
				CLANG_WARN_BLOCK_CAPTURE_AUTORELEASING = YES;
				CLANG_WARN_BOOL_CONVERSION = YES;
				CLANG_WARN_COMMA = YES;
				CLANG_WARN_CONSTANT_CONVERSION = YES;
				CLANG_WARN_DEPRECATED_OBJC_IMPLEMENTATIONS = YES;
				CLANG_WARN_DIRECT_OBJC_ISA_USAGE = YES_ERROR;
				CLANG_WARN_DOCUMENTATION_COMMENTS = YES;
				CLANG_WARN_EMPTY_BODY = YES;
				CLANG_WARN_ENUM_CONVERSION = YES;
				CLANG_WARN_INFINITE_RECURSION = YES;
				CLANG_WARN_INT_CONVERSION = YES;
				CLANG_WARN_NON_LITERAL_NULL_CONVERSION = YES;
				CLANG_WARN_OBJC_IMPLICIT_RETAIN_SELF = YES;
				CLANG_WARN_OBJC_LITERAL_CONVERSION = YES;
				CLANG_WARN_OBJC_ROOT_CLASS = YES_ERROR;
				CLANG_WARN_QUOTED_INCLUDE_IN_FRAMEWORK_HEADER = YES;
				CLANG_WARN_RANGE_LOOP_ANALYSIS = YES;
				CLANG_WARN_STRICT_PROTOTYPES = YES;
				CLANG_WARN_SUSPICIOUS_MOVE = YES;
				CLANG_WARN_UNGUARDED_AVAILABILITY = YES_AGGRESSIVE;
				CLANG_WARN_UNREACHABLE_CODE = YES;
				CLANG_WARN__DUPLICATE_METHOD_MATCH = YES;
				COPY_PHASE_STRIP = NO;
				DEBUG_INFORMATION_FORMAT = dwarf;
				ENABLE_STRICT_OBJC_MSGSEND = YES;
				ENABLE_TESTABILITY = YES;
				ENABLE_USER_SCRIPT_SANDBOXING = YES;
				GCC_C_LANGUAGE_STANDARD = gnu17;
				GCC_DYNAMIC_NO_PIC = NO;
				GCC_NO_COMMON_BLOCKS = YES;
				GCC_OPTIMIZATION_LEVEL = 0;
				GCC_PREPROCESSOR_DEFINITIONS = (
					"DEBUG=1",
					"$(inherited)",
				);
				GCC_WARN_64_TO_32_BIT_CONVERSION = YES;
				GCC_WARN_ABOUT_RETURN_TYPE = YES_ERROR;
				GCC_WARN_UNDECLARED_SELECTOR = YES;
				GCC_WARN_UNINITIALIZED_AUTOS = YES_AGGRESSIVE;
				GCC_WARN_UNUSED_FUNCTION = YES;
				GCC_WARN_UNUSED_VARIABLE = YES;
				IPHONEOS_DEPLOYMENT_TARGET = 18.2;
				LOCALIZATION_PREFERS_STRING_CATALOGS = YES;
				MTL_ENABLE_DEBUG_INFO = INCLUDE_SOURCE;
				MTL_FAST_MATH = YES;
				ONLY_ACTIVE_ARCH = YES;
				SDKROOT = iphoneos;
				SWIFT_ACTIVE_COMPILATION_CONDITIONS = "DEBUG $(inherited)";
				SWIFT_OPTIMIZATION_LEVEL = "-Onone";
			};
			name = Debug;
		};
		5555FDAA2EA717D700404DA5 /* Release */ = {
			isa = XCBuildConfiguration;
			buildSettings = {
				ALWAYS_SEARCH_USER_PATHS = NO;
				ASSETCATALOG_COMPILER_GENERATE_SWIFT_ASSET_SYMBOL_EXTENSIONS = YES;
				CLANG_ANALYZER_NONNULL = YES;
				CLANG_ANALYZER_NUMBER_OBJECT_CONVERSION = YES_AGGRESSIVE;
				CLANG_CXX_LANGUAGE_STANDARD = "gnu++20";
				CLANG_ENABLE_MODULES = YES;
				CLANG_ENABLE_OBJC_ARC = YES;
				CLANG_ENABLE_OBJC_WEAK = YES;
				CLANG_WARN_BLOCK_CAPTURE_AUTORELEASING = YES;
				CLANG_WARN_BOOL_CONVERSION = YES;
				CLANG_WARN_COMMA = YES;
				CLANG_WARN_CONSTANT_CONVERSION = YES;
				CLANG_WARN_DEPRECATED_OBJC_IMPLEMENTATIONS = YES;
				CLANG_WARN_DIRECT_OBJC_ISA_USAGE = YES_ERROR;
				CLANG_WARN_DOCUMENTATION_COMMENTS = YES;
				CLANG_WARN_EMPTY_BODY = YES;
				CLANG_WARN_ENUM_CONVERSION = YES;
				CLANG_WARN_INFINITE_RECURSION = YES;
				CLANG_WARN_INT_CONVERSION = YES;
				CLANG_WARN_NON_LITERAL_NULL_CONVERSION = YES;
				CLANG_WARN_OBJC_IMPLICIT_RETAIN_SELF = YES;
				CLANG_WARN_OBJC_LITERAL_CONVERSION = YES;
				CLANG_WARN_OBJC_ROOT_CLASS = YES_ERROR;
				CLANG_WARN_QUOTED_INCLUDE_IN_FRAMEWORK_HEADER = YES;
				CLANG_WARN_RANGE_LOOP_ANALYSIS = YES;
				CLANG_WARN_STRICT_PROTOTYPES = YES;
				CLANG_WARN_SUSPICIOUS_MOVE = YES;
				CLANG_WARN_UNGUARDED_AVAILABILITY = YES_AGGRESSIVE;
				CLANG_WARN_UNREACHABLE_CODE = YES;
				CLANG_WARN__DUPLICATE_METHOD_MATCH = YES;
				COPY_PHASE_STRIP = NO;
				DEBUG_INFORMATION_FORMAT = "dwarf-with-dsym";
				ENABLE_NS_ASSERTIONS = NO;
				ENABLE_STRICT_OBJC_MSGSEND = YES;
				ENABLE_USER_SCRIPT_SANDBOXING = YES;
				GCC_C_LANGUAGE_STANDARD = gnu17;
				GCC_NO_COMMON_BLOCKS = YES;
				GCC_WARN_64_TO_32_BIT_CONVERSION = YES;
				GCC_WARN_ABOUT_RETURN_TYPE = YES_ERROR;
				GCC_WARN_UNDECLARED_SELECTOR = YES;
				GCC_WARN_UNINITIALIZED_AUTOS = YES_AGGRESSIVE;
				GCC_WARN_UNUSED_FUNCTION = YES;
				GCC_WARN_UNUSED_VARIABLE = YES;
				IPHONEOS_DEPLOYMENT_TARGET = 18.2;
				LOCALIZATION_PREFERS_STRING_CATALOGS = YES;
				MTL_ENABLE_DEBUG_INFO = NO;
				MTL_FAST_MATH = YES;
				SDKROOT = iphoneos;
				SWIFT_COMPILATION_MODE = wholemodule;
				VALIDATE_PRODUCT = YES;
			};
			name = Release;
		};
		5555FDAC2EA717D700404DA5 /* Debug */ = {
			isa = XCBuildConfiguration;
			buildSettings = {
				ASSETCATALOG_COMPILER_APPICON_NAME = AppIcon;
				ASSETCATALOG_COMPILER_GLOBAL_ACCENT_COLOR_NAME = AccentColor;
				CODE_SIGN_STYLE = Automatic;
				CURRENT_PROJECT_VERSION = 1;
				DEVELOPMENT_ASSET_PATHS = "\"SlowMotionCamera/Preview Content\"";
				DEVELOPMENT_TEAM = 9D9DGZJAXY;
				ENABLE_PREVIEWS = YES;
				GENERATE_INFOPLIST_FILE = YES;
				INFOPLIST_FILE = SlowMotionCamera/Info.plist;
				INFOPLIST_KEY_NSCameraUsageDescription = "슬로우모션 비디오를 녹화하기 위해 카메라 접근이 필요합니다.";
				INFOPLIST_KEY_NSLocalNetworkUsageDescription = "로컬 서버와 통신하기 위해 네트워크 접근이 필요합니다.";
				INFOPLIST_KEY_NSMicrophoneUsageDescription = "오디오를 녹음하기 위해 마이크 접근이 필요합니다.";
				INFOPLIST_KEY_UIApplicationSceneManifest_Generation = YES;
				INFOPLIST_KEY_UIApplicationSupportsIndirectInputEvents = YES;
				INFOPLIST_KEY_UILaunchScreen_Generation = YES;
				INFOPLIST_KEY_UISupportedInterfaceOrientations_iPad = "UIInterfaceOrientationPortrait UIInterfaceOrientationPortraitUpsideDown UIInterfaceOrientationLandscapeLeft UIInterfaceOrientationLandscapeRight";
				INFOPLIST_KEY_UISupportedInterfaceOrientations_iPhone = "UIInterfaceOrientationPortrait UIInterfaceOrientationLandscapeLeft UIInterfaceOrientationLandscapeRight";
				LD_RUNPATH_SEARCH_PATHS = (
					"$(inherited)",
					"@executable_path/Frameworks",
				);
				MARKETING_VERSION = 1.0;
				PRODUCT_BUNDLE_IDENTIFIER = dev.spade6.SlowMotionCamera;
				PRODUCT_NAME = "$(TARGET_NAME)";
				SWIFT_EMIT_LOC_STRINGS = YES;
				SWIFT_VERSION = 5.0;
				TARGETED_DEVICE_FAMILY = "1,2";
			};
			name = Debug;
		};
		5555FDAD2EA717D700404DA5 /* Release */ = {
			isa = XCBuildConfiguration;
			buildSettings = {
				ASSETCATALOG_COMPILER_APPICON_NAME = AppIcon;
				ASSETCATALOG_COMPILER_GLOBAL_ACCENT_COLOR_NAME = AccentColor;
				CODE_SIGN_STYLE = Automatic;
				CURRENT_PROJECT_VERSION = 1;
				DEVELOPMENT_ASSET_PATHS = "\"SlowMotionCamera/Preview Content\"";
				DEVELOPMENT_TEAM = 9D9DGZJAXY;
				ENABLE_PREVIEWS = YES;
				GENERATE_INFOPLIST_FILE = YES;
				INFOPLIST_FILE = SlowMotionCamera/Info.plist;
				INFOPLIST_KEY_NSCameraUsageDescription = "슬로우모션 비디오를 녹화하기 위해 카메라 접근이 필요합니다.";
				INFOPLIST_KEY_NSLocalNetworkUsageDescription = "로컬 서버와 통신하기 위해 네트워크 접근이 필요합니다.";
				INFOPLIST_KEY_NSMicrophoneUsageDescription = "오디오를 녹음하기 위해 마이크 접근이 필요합니다.";
				INFOPLIST_KEY_UIApplicationSceneManifest_Generation = YES;
				INFOPLIST_KEY_UIApplicationSupportsIndirectInputEvents = YES;
				INFOPLIST_KEY_UILaunchScreen_Generation = YES;
				INFOPLIST_KEY_UISupportedInterfaceOrientations_iPad = "UIInterfaceOrientationPortrait UIInterfaceOrientationPortraitUpsideDown UIInterfaceOrientationLandscapeLeft UIInterfaceOrientationLandscapeRight";
				INFOPLIST_KEY_UISupportedInterfaceOrientations_iPhone = "UIInterfaceOrientationPortrait UIInterfaceOrientationLandscapeLeft UIInterfaceOrientationLandscapeRight";
				LD_RUNPATH_SEARCH_PATHS = (
					"$(inherited)",
					"@executable_path/Frameworks",
				);
				MARKETING_VERSION = 1.0;
				PRODUCT_BUNDLE_IDENTIFIER = dev.spade6.SlowMotionCamera;
				PRODUCT_NAME = "$(TARGET_NAME)";
				SWIFT_EMIT_LOC_STRINGS = YES;
				SWIFT_VERSION = 5.0;
				TARGETED_DEVICE_FAMILY = "1,2";
			};
			name = Release;
		};
		5555FDAF2EA717D700404DA5 /* Debug */ = {
			isa = XCBuildConfiguration;
			buildSettings = {
				BUNDLE_LOADER = "$(TEST_HOST)";
				CODE_SIGN_STYLE = Automatic;
				CURRENT_PROJECT_VERSION = 1;
				DEVELOPMENT_TEAM = 9D9DGZJAXY;
				GENERATE_INFOPLIST_FILE = YES;
				IPHONEOS_DEPLOYMENT_TARGET = 18.2;
				MARKETING_VERSION = 1.0;
				PRODUCT_BUNDLE_IDENTIFIER = dev.spade6.SlowMotionCameraTests;
				PRODUCT_NAME = "$(TARGET_NAME)";
				SWIFT_EMIT_LOC_STRINGS = NO;
				SWIFT_VERSION = 5.0;
				TARGETED_DEVICE_FAMILY = "1,2";
				TEST_HOST = "$(BUILT_PRODUCTS_DIR)/SlowMotionCamera.app/$(BUNDLE_EXECUTABLE_FOLDER_PATH)/SlowMotionCamera";
			};
			name = Debug;
		};
		5555FDB02EA717D700404DA5 /* Release */ = {
			isa = XCBuildConfiguration;
			buildSettings = {
				BUNDLE_LOADER = "$(TEST_HOST)";
				CODE_SIGN_STYLE = Automatic;
				CURRENT_PROJECT_VERSION = 1;
				DEVELOPMENT_TEAM = 9D9DGZJAXY;
				GENERATE_INFOPLIST_FILE = YES;
				IPHONEOS_DEPLOYMENT_TARGET = 18.2;
				MARKETING_VERSION = 1.0;
				PRODUCT_BUNDLE_IDENTIFIER = dev.spade6.SlowMotionCameraTests;
				PRODUCT_NAME = "$(TARGET_NAME)";
				SWIFT_EMIT_LOC_STRINGS = NO;
				SWIFT_VERSION = 5.0;
				TARGETED_DEVICE_FAMILY = "1,2";
				TEST_HOST = "$(BUILT_PRODUCTS_DIR)/SlowMotionCamera.app/$(BUNDLE_EXECUTABLE_FOLDER_PATH)/SlowMotionCamera";
			};
			name = Release;
		};
		5555FDB22EA717D700404DA5 /* Debug */ = {
			isa = XCBuildConfiguration;
			buildSettings = {
				CODE_SIGN_STYLE = Automatic;
				CURRENT_PROJECT_VERSION = 1;
				DEVELOPMENT_TEAM = 9D9DGZJAXY;
				GENERATE_INFOPLIST_FILE = YES;
				MARKETING_VERSION = 1.0;
				PRODUCT_BUNDLE_IDENTIFIER = dev.spade6.SlowMotionCameraUITests;
				PRODUCT_NAME = "$(TARGET_NAME)";
				SWIFT_EMIT_LOC_STRINGS = NO;
				SWIFT_VERSION = 5.0;
				TARGETED_DEVICE_FAMILY = "1,2";
				TEST_TARGET_NAME = SlowMotionCamera;
			};
			name = Debug;
		};
		5555FDB32EA717D700404DA5 /* Release */ = {
			isa = XCBuildConfiguration;
			buildSettings = {
				CODE_SIGN_STYLE = Automatic;
				CURRENT_PROJECT_VERSION = 1;
				DEVELOPMENT_TEAM = 9D9DGZJAXY;
				GENERATE_INFOPLIST_FILE = YES;
				MARKETING_VERSION = 1.0;
				PRODUCT_BUNDLE_IDENTIFIER = dev.spade6.SlowMotionCameraUITests;
				PRODUCT_NAME = "$(TARGET_NAME)";
				SWIFT_EMIT_LOC_STRINGS = NO;
				SWIFT_VERSION = 5.0;
				TARGETED_DEVICE_FAMILY = "1,2";
				TEST_TARGET_NAME = SlowMotionCamera;
			};
			name = Release;
		};
/* End XCBuildConfiguration section */

/* Begin XCConfigurationList section */
		5555FD822EA717D300404DA5 /* Build configuration list for PBXProject "SlowMotionCamera" */ = {
			isa = XCConfigurationList;
			buildConfigurations = (
				5555FDA92EA717D700404DA5 /* Debug */,
				5555FDAA2EA717D700404DA5 /* Release */,
			);
			defaultConfigurationIsVisible = 0;
			defaultConfigurationName = Release;
		};
		5555FDAB2EA717D700404DA5 /* Build configuration list for PBXNativeTarget "SlowMotionCamera" */ = {
			isa = XCConfigurationList;
			buildConfigurations = (
				5555FDAC2EA717D700404DA5 /* Debug */,
				5555FDAD2EA717D700404DA5 /* Release */,
			);
			defaultConfigurationIsVisible = 0;
			defaultConfigurationName = Release;
		};
		5555FDAE2EA717D700404DA5 /* Build configuration list for PBXNativeTarget "SlowMotionCameraTests" */ = {
			isa = XCConfigurationList;
			buildConfigurations = (
				5555FDAF2EA717D700404DA5 /* Debug */,
				5555FDB02EA717D700404DA5 /* Release */,
			);
			defaultConfigurationIsVisible = 0;
			defaultConfigurationName = Release;
		};
		5555FDB12EA717D700404DA5 /* Build configuration list for PBXNativeTarget "SlowMotionCameraUITests" */ = {
			isa = XCConfigurationList;
			buildConfigurations = (
				5555FDB22EA717D700404DA5 /* Debug */,
				5555FDB32EA717D700404DA5 /* Release */,
			);
			defaultConfigurationIsVisible = 0;
			defaultConfigurationName = Release;
		};
/* End XCConfigurationList section */

/* Begin XCRemoteSwiftPackageReference section */
		5555FDB42EA7184C00404DA5 /* XCRemoteSwiftPackageReference "Starscream" */ = {
			isa = XCRemoteSwiftPackageReference;
			repositoryURL = "https://github.com/daltoniam/Starscream.git";
			requirement = {
				kind = upToNextMajorVersion;
				minimumVersion = 4.0.8;
			};
		};
/* End XCRemoteSwiftPackageReference section */

/* Begin XCSwiftPackageProductDependency section */
		5555FDB52EA7184C00404DA5 /* Starscream */ = {
			isa = XCSwiftPackageProductDependency;
			package = 5555FDB42EA7184C00404DA5 /* XCRemoteSwiftPackageReference "Starscream" */;
			productName = Starscream;
		};
/* End XCSwiftPackageProductDependency section */
	};
	rootObject = 5555FD7F2EA717D300404DA5 /* Project object */;
}
